
Microsoft Visual Studio Solution File, Format Version 12.00
# Visual Studio 15
Project("{FAE04EC0-301F-11D3-BF4B-00C04F79EFBC}") = "BestFitTrip", "BestFitTrip\BestFitTrip.csproj", "{E824A759-E514-4800-B666-98AD561D6BB4}"
EndProject
Global
	GlobalSection(SolutionConfigurationPlatforms) = preSolution
		Debug|Any CPU = Debug|Any CPU
		Release|Any CPU = Release|Any CPU
	EndGlobalSection
	GlobalSection(ProjectConfigurationPlatforms) = postSolution
		{E824A759-E514-4800-B666-98AD561D6BB4}.Debug|Any CPU.ActiveCfg = Debug|Any CPU
		{E824A759-E514-4800-B666-98AD561D6BB4}.Debug|Any CPU.Build.0 = Debug|Any CPU
		{E824A759-E514-4800-B666-98AD561D6BB4}.Release|Any CPU.ActiveCfg = Release|Any CPU
		{E824A759-E514-4800-B666-98AD561D6BB4}.Release|Any CPU.Build.0 = Release|Any CPU
	EndGlobalSection
EndGlobal
