
Microsoft Visual Studio Solution File, Format Version 12.00
# Visual Studio 15
Project("{FAE04EC0-301F-11D3-BF4B-00C04F79EFBC}") = "BestFitTrip", "BestFitTrip.csproj", "{08790CD6-ADC1-4B24-9570-A451A7BBF56C}"
EndProject
Global
	GlobalSection(SolutionConfigurationPlatforms) = preSolution
		Debug|Any CPU = Debug|Any CPU
		Release|Any CPU = Release|Any CPU
	EndGlobalSection
	GlobalSection(ProjectConfigurationPlatforms) = postSolution
		{08790CD6-ADC1-4B24-9570-A451A7BBF56C}.Debug|Any CPU.ActiveCfg = Debug|Any CPU
		{08790CD6-ADC1-4B24-9570-A451A7BBF56C}.Debug|Any CPU.Build.0 = Debug|Any CPU
		{08790CD6-ADC1-4B24-9570-A451A7BBF56C}.Release|Any CPU.ActiveCfg = Release|Any CPU
		{08790CD6-ADC1-4B24-9570-A451A7BBF56C}.Release|Any CPU.Build.0 = Release|Any CPU
	EndGlobalSection
EndGlobal
